// !$*UTF8*$!
{
	archiveVersion = 1;
	classes = {
	};
	objectVersion = 56;
	objects = {

/* Begin PBXBuildFile section */
		7B270E2411E5A5A34CF9D93D /* Pods_ColoringPagesIos.framework in Frameworks */ = {isa = PBXBuildFile; fileRef = 6B7C35FB444577300A1669A0 /* Pods_ColoringPagesIos.framework */; };
		C783E1FB2CA084CB00DB6E26 /* ColoringPagesIosApp.swift in Sources */ = {isa = PBXBuildFile; fileRef = C783E1FA2CA084CB00DB6E26 /* ColoringPagesIosApp.swift */; };
		C783E1FD2CA084CB00DB6E26 /* ContentView.swift in Sources */ = {isa = PBXBuildFile; fileRef = C783E1FC2CA084CB00DB6E26 /* ContentView.swift */; };
		C783E1FF2CA084CD00DB6E26 /* Assets.xcassets in Resources */ = {isa = PBXBuildFile; fileRef = C783E1FE2CA084CD00DB6E26 /* Assets.xcassets */; };
		C783E2022CA084CD00DB6E26 /* Preview Assets.xcassets in Resources */ = {isa = PBXBuildFile; fileRef = C783E2012CA084CD00DB6E26 /* Preview Assets.xcassets */; };
/* End PBXBuildFile section */

/* Begin PBXFileReference section */
		6B7C35FB444577300A1669A0 /* Pods_ColoringPagesIos.framework */ = {isa = PBXFileReference; explicitFileType = wrapper.framework; includeInIndex = 0; path = Pods_ColoringPagesIos.framework; sourceTree = BUILT_PRODUCTS_DIR; };
		79AF4EB53969D4E607E7C17F /* Pods-ColoringPagesIos.debug.xcconfig */ = {isa = PBXFileReference; includeInIndex = 1; lastKnownFileType = text.xcconfig; name = "Pods-ColoringPagesIos.debug.xcconfig"; path = "Target Support Files/Pods-ColoringPagesIos/Pods-ColoringPagesIos.debug.xcconfig"; sourceTree = "<group>"; };
		89730F1E142C63843A033F4E /* Pods-ColoringPagesIos.release.xcconfig */ = {isa = PBXFileReference; includeInIndex = 1; lastKnownFileType = text.xcconfig; name = "Pods-ColoringPagesIos.release.xcconfig"; path = "Target Support Files/Pods-ColoringPagesIos/Pods-ColoringPagesIos.release.xcconfig"; sourceTree = "<group>"; };
		C783E1F72CA084CB00DB6E26 /* ColoringPagesIos.app */ = {isa = PBXFileReference; explicitFileType = wrapper.application; includeInIndex = 0; path = ColoringPagesIos.app; sourceTree = BUILT_PRODUCTS_DIR; };
		C783E1FA2CA084CB00DB6E26 /* ColoringPagesIosApp.swift */ = {isa = PBXFileReference; lastKnownFileType = sourcecode.swift; path = ColoringPagesIosApp.swift; sourceTree = "<group>"; };
		C783E1FC2CA084CB00DB6E26 /* ContentView.swift */ = {isa = PBXFileReference; lastKnownFileType = sourcecode.swift; path = ContentView.swift; sourceTree = "<group>"; };
		C783E1FE2CA084CD00DB6E26 /* Assets.xcassets */ = {isa = PBXFileReference; lastKnownFileType = folder.assetcatalog; path = Assets.xcassets; sourceTree = "<group>"; };
		C783E2012CA084CD00DB6E26 /* Preview Assets.xcassets */ = {isa = PBXFileReference; lastKnownFileType = folder.assetcatalog; path = "Preview Assets.xcassets"; sourceTree = "<group>"; };
		C783E20C2CA0C70700DB6E26 /* Info-Debug.plist */ = {isa = PBXFileReference; lastKnownFileType = text.plist.xml; path = "Info-Debug.plist"; sourceTree = "<group>"; };
		C783E20D2CA0C73E00DB6E26 /* Info-Release.plist */ = {isa = PBXFileReference; fileEncoding = 4; lastKnownFileType = text.plist.xml; path = "Info-Release.plist"; sourceTree = "<group>"; };
/* End PBXFileReference section */

/* Begin PBXFrameworksBuildPhase section */
		C783E1F42CA084CB00DB6E26 /* Frameworks */ = {
			isa = PBXFrameworksBuildPhase;
			buildActionMask = 2147483647;
			files = (
				7B270E2411E5A5A34CF9D93D /* Pods_ColoringPagesIos.framework in Frameworks */,
			);
			runOnlyForDeploymentPostprocessing = 0;
		};
/* End PBXFrameworksBuildPhase section */

/* Begin PBXGroup section */
		7394EB32305F78DCC2227063 /* Pods */ = {
			isa = PBXGroup;
			children = (
				79AF4EB53969D4E607E7C17F /* Pods-ColoringPagesIos.debug.xcconfig */,
				89730F1E142C63843A033F4E /* Pods-ColoringPagesIos.release.xcconfig */,
			);
			path = Pods;
			sourceTree = "<group>";
		};
		C783E1EE2CA084CB00DB6E26 = {
			isa = PBXGroup;
			children = (
				C783E1F92CA084CB00DB6E26 /* ColoringPagesIos */,
				C783E1F82CA084CB00DB6E26 /* Products */,
				7394EB32305F78DCC2227063 /* Pods */,
				F82D02A05ACB453204A1EA88 /* Frameworks */,
			);
			sourceTree = "<group>";
		};
		C783E1F82CA084CB00DB6E26 /* Products */ = {
			isa = PBXGroup;
			children = (
				C783E1F72CA084CB00DB6E26 /* ColoringPagesIos.app */,
			);
			name = Products;
			sourceTree = "<group>";
		};
		C783E1F92CA084CB00DB6E26 /* ColoringPagesIos */ = {
			isa = PBXGroup;
			children = (
				C783E20C2CA0C70700DB6E26 /* Info-Debug.plist */,
				C783E20D2CA0C73E00DB6E26 /* Info-Release.plist */,
				C783E1FA2CA084CB00DB6E26 /* ColoringPagesIosApp.swift */,
				C783E1FC2CA084CB00DB6E26 /* ContentView.swift */,
				C783E1FE2CA084CD00DB6E26 /* Assets.xcassets */,
				C783E2002CA084CD00DB6E26 /* Preview Content */,
			);
			path = ColoringPagesIos;
			sourceTree = "<group>";
		};
		C783E2002CA084CD00DB6E26 /* Preview Content */ = {
			isa = PBXGroup;
			children = (
				C783E2012CA084CD00DB6E26 /* Preview Assets.xcassets */,
			);
			path = "Preview Content";
			sourceTree = "<group>";
		};
		F82D02A05ACB453204A1EA88 /* Frameworks */ = {
			isa = PBXGroup;
			children = (
				6B7C35FB444577300A1669A0 /* Pods_ColoringPagesIos.framework */,
			);
			name = Frameworks;
			sourceTree = "<group>";
		};
/* End PBXGroup section */

/* Begin PBXNativeTarget section */
		C783E1F62CA084CB00DB6E26 /* ColoringPagesIos */ = {
			isa = PBXNativeTarget;
			buildConfigurationList = C783E2052CA084CD00DB6E26 /* Build configuration list for PBXNativeTarget "ColoringPagesIos" */;
			buildPhases = (
				3B5659D9B8BED83A0830E4A5 /* [CP] Check Pods Manifest.lock */,
				37B8FE701251D203E43476E1 /* [CP-User] Run Flutter Build coloring_sdk Script */,
				C783E1F32CA084CB00DB6E26 /* Sources */,
				C783E1F42CA084CB00DB6E26 /* Frameworks */,
				C783E1F52CA084CB00DB6E26 /* Resources */,
				2C526E05A47E5F557160CC0C /* [CP] Embed Pods Frameworks */,
				C4513A5E646AB0AC4DB9525C /* [CP-User] Embed Flutter Build coloring_sdk Script */,
			);
			buildRules = (
			);
			dependencies = (
			);
			name = ColoringPagesIos;
			productName = ColoringPagesIos;
			productReference = C783E1F72CA084CB00DB6E26 /* ColoringPagesIos.app */;
			productType = "com.apple.product-type.application";
		};
/* End PBXNativeTarget section */

/* Begin PBXProject section */
		C783E1EF2CA084CB00DB6E26 /* Project object */ = {
			isa = PBXProject;
			attributes = {
				BuildIndependentTargetsInParallel = 1;
				LastSwiftUpdateCheck = 1540;
				LastUpgradeCheck = 1540;
				TargetAttributes = {
					C783E1F62CA084CB00DB6E26 = {
						CreatedOnToolsVersion = 15.4;
					};
				};
			};
			buildConfigurationList = C783E1F22CA084CB00DB6E26 /* Build configuration list for PBXProject "ColoringPagesIos" */;
			compatibilityVersion = "Xcode 14.0";
			developmentRegion = en;
			hasScannedForEncodings = 0;
			knownRegions = (
				en,
				Base,
			);
			mainGroup = C783E1EE2CA084CB00DB6E26;
			productRefGroup = C783E1F82CA084CB00DB6E26 /* Products */;
			projectDirPath = "";
			projectRoot = "";
			targets = (
				C783E1F62CA084CB00DB6E26 /* ColoringPagesIos */,
			);
		};
/* End PBXProject section */

/* Begin PBXResourcesBuildPhase section */
		C783E1F52CA084CB00DB6E26 /* Resources */ = {
			isa = PBXResourcesBuildPhase;
			buildActionMask = 2147483647;
			files = (
				C783E2022CA084CD00DB6E26 /* Preview Assets.xcassets in Resources */,
				C783E1FF2CA084CD00DB6E26 /* Assets.xcassets in Resources */,
			);
			runOnlyForDeploymentPostprocessing = 0;
		};
/* End PBXResourcesBuildPhase section */

/* Begin PBXShellScriptBuildPhase section */
		2C526E05A47E5F557160CC0C /* [CP] Embed Pods Frameworks */ = {
			isa = PBXShellScriptBuildPhase;
			buildActionMask = 2147483647;
			files = (
			);
			inputFileListPaths = (
				"${PODS_ROOT}/Target Support Files/Pods-ColoringPagesIos/Pods-ColoringPagesIos-frameworks-${CONFIGURATION}-input-files.xcfilelist",
			);
			name = "[CP] Embed Pods Frameworks";
			outputFileListPaths = (
				"${PODS_ROOT}/Target Support Files/Pods-ColoringPagesIos/Pods-ColoringPagesIos-frameworks-${CONFIGURATION}-output-files.xcfilelist",
			);
			runOnlyForDeploymentPostprocessing = 0;
			shellPath = /bin/sh;
			shellScript = "\"${PODS_ROOT}/Target Support Files/Pods-ColoringPagesIos/Pods-ColoringPagesIos-frameworks.sh\"\n";
			showEnvVarsInLog = 0;
		};
		37B8FE701251D203E43476E1 /* [CP-User] Run Flutter Build coloring_sdk Script */ = {
			isa = PBXShellScriptBuildPhase;
			buildActionMask = 2147483647;
			files = (
			);
			name = "[CP-User] Run Flutter Build coloring_sdk Script";
			runOnlyForDeploymentPostprocessing = 0;
			shellPath = /bin/sh;
			shellScript = "set -e\nset -u\nsource \"${SRCROOT}/../coloring_sdk/.ios/Flutter/flutter_export_environment.sh\"\nexport VERBOSE_SCRIPT_LOGGING=1 && \"$FLUTTER_ROOT\"/packages/flutter_tools/bin/xcode_backend.sh build";
		};
		3B5659D9B8BED83A0830E4A5 /* [CP] Check Pods Manifest.lock */ = {
			isa = PBXShellScriptBuildPhase;
			buildActionMask = 2147483647;
			files = (
			);
			inputFileListPaths = (
			);
			inputPaths = (
				"${PODS_PODFILE_DIR_PATH}/Podfile.lock",
				"${PODS_ROOT}/Manifest.lock",
			);
			name = "[CP] Check Pods Manifest.lock";
			outputFileListPaths = (
			);
			outputPaths = (
				"$(DERIVED_FILE_DIR)/Pods-ColoringPagesIos-checkManifestLockResult.txt",
			);
			runOnlyForDeploymentPostprocessing = 0;
			shellPath = /bin/sh;
			shellScript = "diff \"${PODS_PODFILE_DIR_PATH}/Podfile.lock\" \"${PODS_ROOT}/Manifest.lock\" > /dev/null\nif [ $? != 0 ] ; then\n    # print error to STDERR\n    echo \"error: The sandbox is not in sync with the Podfile.lock. Run 'pod install' or update your CocoaPods installation.\" >&2\n    exit 1\nfi\n# This output is used by Xcode 'outputs' to avoid re-running this script phase.\necho \"SUCCESS\" > \"${SCRIPT_OUTPUT_FILE_0}\"\n";
			showEnvVarsInLog = 0;
		};
		C4513A5E646AB0AC4DB9525C /* [CP-User] Embed Flutter Build coloring_sdk Script */ = {
			isa = PBXShellScriptBuildPhase;
			buildActionMask = 2147483647;
			files = (
			);
			name = "[CP-User] Embed Flutter Build coloring_sdk Script";
			runOnlyForDeploymentPostprocessing = 0;
			shellPath = /bin/sh;
			shellScript = "set -e\nset -u\nsource \"${SRCROOT}/../coloring_sdk/.ios/Flutter/flutter_export_environment.sh\"\nexport VERBOSE_SCRIPT_LOGGING=1 && \"$FLUTTER_ROOT\"/packages/flutter_tools/bin/xcode_backend.sh embed_and_thin";
		};
/* End PBXShellScriptBuildPhase section */

/* Begin PBXSourcesBuildPhase section */
		C783E1F32CA084CB00DB6E26 /* Sources */ = {
			isa = PBXSourcesBuildPhase;
			buildActionMask = 2147483647;
			files = (
				C783E1FD2CA084CB00DB6E26 /* ContentView.swift in Sources */,
				C783E1FB2CA084CB00DB6E26 /* ColoringPagesIosApp.swift in Sources */,
			);
			runOnlyForDeploymentPostprocessing = 0;
		};
/* End PBXSourcesBuildPhase section */

/* Begin XCBuildConfiguration section */
		C783E2032CA084CD00DB6E26 /* Debug */ = {
			isa = XCBuildConfiguration;
			buildSettings = {
				ALWAYS_SEARCH_USER_PATHS = NO;
				ASSETCATALOG_COMPILER_GENERATE_SWIFT_ASSET_SYMBOL_EXTENSIONS = YES;
				CLANG_ANALYZER_NONNULL = YES;
				CLANG_ANALYZER_NUMBER_OBJECT_CONVERSION = YES_AGGRESSIVE;
				CLANG_CXX_LANGUAGE_STANDARD = "gnu++20";
				CLANG_ENABLE_MODULES = YES;
				CLANG_ENABLE_OBJC_ARC = YES;
				CLANG_ENABLE_OBJC_WEAK = YES;
				CLANG_WARN_BLOCK_CAPTURE_AUTORELEASING = YES;
				CLANG_WARN_BOOL_CONVERSION = YES;
				CLANG_WARN_COMMA = YES;
				CLANG_WARN_CONSTANT_CONVERSION = YES;
				CLANG_WARN_DEPRECATED_OBJC_IMPLEMENTATIONS = YES;
				CLANG_WARN_DIRECT_OBJC_ISA_USAGE = YES_ERROR;
				CLANG_WARN_DOCUMENTATION_COMMENTS = YES;
				CLANG_WARN_EMPTY_BODY = YES;
				CLANG_WARN_ENUM_CONVERSION = YES;
				CLANG_WARN_INFINITE_RECURSION = YES;
				CLANG_WARN_INT_CONVERSION = YES;
				CLANG_WARN_NON_LITERAL_NULL_CONVERSION = YES;
				CLANG_WARN_OBJC_IMPLICIT_RETAIN_SELF = YES;
				CLANG_WARN_OBJC_LITERAL_CONVERSION = YES;
				CLANG_WARN_OBJC_ROOT_CLASS = YES_ERROR;
				CLANG_WARN_QUOTED_INCLUDE_IN_FRAMEWORK_HEADER = YES;
				CLANG_WARN_RANGE_LOOP_ANALYSIS = YES;
				CLANG_WARN_STRICT_PROTOTYPES = YES;
				CLANG_WARN_SUSPICIOUS_MOVE = YES;
				CLANG_WARN_UNGUARDED_AVAILABILITY = YES_AGGRESSIVE;
				CLANG_WARN_UNREACHABLE_CODE = YES;
				CLANG_WARN__DUPLICATE_METHOD_MATCH = YES;
				COPY_PHASE_STRIP = NO;
				DEBUG_INFORMATION_FORMAT = dwarf;
				ENABLE_STRICT_OBJC_MSGSEND = YES;
				ENABLE_TESTABILITY = YES;
				ENABLE_USER_SCRIPT_SANDBOXING = YES;
				GCC_C_LANGUAGE_STANDARD = gnu17;
				GCC_DYNAMIC_NO_PIC = NO;
				GCC_NO_COMMON_BLOCKS = YES;
				GCC_OPTIMIZATION_LEVEL = 0;
				GCC_PREPROCESSOR_DEFINITIONS = (
					"DEBUG=1",
					"$(inherited)",
				);
				GCC_WARN_64_TO_32_BIT_CONVERSION = YES;
				GCC_WARN_ABOUT_RETURN_TYPE = YES_ERROR;
				GCC_WARN_UNDECLARED_SELECTOR = YES;
				GCC_WARN_UNINITIALIZED_AUTOS = YES_AGGRESSIVE;
				GCC_WARN_UNUSED_FUNCTION = YES;
				GCC_WARN_UNUSED_VARIABLE = YES;
				IPHONEOS_DEPLOYMENT_TARGET = 17.5;
				LOCALIZATION_PREFERS_STRING_CATALOGS = YES;
				MTL_ENABLE_DEBUG_INFO = INCLUDE_SOURCE;
				MTL_FAST_MATH = YES;
				ONLY_ACTIVE_ARCH = YES;
				SDKROOT = iphoneos;
				SWIFT_ACTIVE_COMPILATION_CONDITIONS = "DEBUG $(inherited)";
				SWIFT_OPTIMIZATION_LEVEL = "-Onone";
			};
			name = Debug;
		};
		C783E2042CA084CD00DB6E26 /* Release */ = {
			isa = XCBuildConfiguration;
			buildSettings = {
				ALWAYS_SEARCH_USER_PATHS = NO;
				ASSETCATALOG_COMPILER_GENERATE_SWIFT_ASSET_SYMBOL_EXTENSIONS = YES;
				CLANG_ANALYZER_NONNULL = YES;
				CLANG_ANALYZER_NUMBER_OBJECT_CONVERSION = YES_AGGRESSIVE;
				CLANG_CXX_LANGUAGE_STANDARD = "gnu++20";
				CLANG_ENABLE_MODULES = YES;
				CLANG_ENABLE_OBJC_ARC = YES;
				CLANG_ENABLE_OBJC_WEAK = YES;
				CLANG_WARN_BLOCK_CAPTURE_AUTORELEASING = YES;
				CLANG_WARN_BOOL_CONVERSION = YES;
				CLANG_WARN_COMMA = YES;
				CLANG_WARN_CONSTANT_CONVERSION = YES;
				CLANG_WARN_DEPRECATED_OBJC_IMPLEMENTATIONS = YES;
				CLANG_WARN_DIRECT_OBJC_ISA_USAGE = YES_ERROR;
				CLANG_WARN_DOCUMENTATION_COMMENTS = YES;
				CLANG_WARN_EMPTY_BODY = YES;
				CLANG_WARN_ENUM_CONVERSION = YES;
				CLANG_WARN_INFINITE_RECURSION = YES;
				CLANG_WARN_INT_CONVERSION = YES;
				CLANG_WARN_NON_LITERAL_NULL_CONVERSION = YES;
				CLANG_WARN_OBJC_IMPLICIT_RETAIN_SELF = YES;
				CLANG_WARN_OBJC_LITERAL_CONVERSION = YES;
				CLANG_WARN_OBJC_ROOT_CLASS = YES_ERROR;
				CLANG_WARN_QUOTED_INCLUDE_IN_FRAMEWORK_HEADER = YES;
				CLANG_WARN_RANGE_LOOP_ANALYSIS = YES;
				CLANG_WARN_STRICT_PROTOTYPES = YES;
				CLANG_WARN_SUSPICIOUS_MOVE = YES;
				CLANG_WARN_UNGUARDED_AVAILABILITY = YES_AGGRESSIVE;
				CLANG_WARN_UNREACHABLE_CODE = YES;
				CLANG_WARN__DUPLICATE_METHOD_MATCH = YES;
				COPY_PHASE_STRIP = NO;
				DEBUG_INFORMATION_FORMAT = "dwarf-with-dsym";
				ENABLE_NS_ASSERTIONS = NO;
				ENABLE_STRICT_OBJC_MSGSEND = YES;
				ENABLE_USER_SCRIPT_SANDBOXING = YES;
				GCC_C_LANGUAGE_STANDARD = gnu17;
				GCC_NO_COMMON_BLOCKS = YES;
				GCC_WARN_64_TO_32_BIT_CONVERSION = YES;
				GCC_WARN_ABOUT_RETURN_TYPE = YES_ERROR;
				GCC_WARN_UNDECLARED_SELECTOR = YES;
				GCC_WARN_UNINITIALIZED_AUTOS = YES_AGGRESSIVE;
				GCC_WARN_UNUSED_FUNCTION = YES;
				GCC_WARN_UNUSED_VARIABLE = YES;
				IPHONEOS_DEPLOYMENT_TARGET = 17.5;
				LOCALIZATION_PREFERS_STRING_CATALOGS = YES;
				MTL_ENABLE_DEBUG_INFO = NO;
				MTL_FAST_MATH = YES;
				SDKROOT = iphoneos;
				SWIFT_COMPILATION_MODE = wholemodule;
				VALIDATE_PRODUCT = YES;
			};
			name = Release;
		};
		C783E2062CA084CD00DB6E26 /* Debug */ = {
			isa = XCBuildConfiguration;
			baseConfigurationReference = 79AF4EB53969D4E607E7C17F /* Pods-ColoringPagesIos.debug.xcconfig */;
			buildSettings = {
				ASSETCATALOG_COMPILER_APPICON_NAME = AppIcon;
				ASSETCATALOG_COMPILER_GLOBAL_ACCENT_COLOR_NAME = AccentColor;
				CODE_SIGN_STYLE = Automatic;
				CURRENT_PROJECT_VERSION = 1;
				DEVELOPMENT_ASSET_PATHS = "\"ColoringPagesIos/Preview Content\"";
				DEVELOPMENT_TEAM = 6FC8XC8HYL;
				ENABLE_PREVIEWS = YES;
				ENABLE_USER_SCRIPT_SANDBOXING = NO;
				GENERATE_INFOPLIST_FILE = YES;
				INFOPLIST_FILE = "ColoringPagesIos/Info-${CONFIGURATION}.plist";
				INFOPLIST_KEY_UIApplicationSceneManifest_Generation = YES;
				INFOPLIST_KEY_UIApplicationSupportsIndirectInputEvents = YES;
				INFOPLIST_KEY_UILaunchScreen_Generation = YES;
				INFOPLIST_KEY_UISupportedInterfaceOrientations_iPad = "UIInterfaceOrientationPortrait UIInterfaceOrientationPortraitUpsideDown UIInterfaceOrientationLandscapeLeft UIInterfaceOrientationLandscapeRight";
				INFOPLIST_KEY_UISupportedInterfaceOrientations_iPhone = "UIInterfaceOrientationPortrait UIInterfaceOrientationLandscapeLeft UIInterfaceOrientationLandscapeRight";
				LD_RUNPATH_SEARCH_PATHS = (
					"$(inherited)",
					"@executable_path/Frameworks",
				);
				MARKETING_VERSION = 1.0;
				PRODUCT_BUNDLE_IDENTIFIER = "feduke-nukem.ColoringPagesIos";
				PRODUCT_NAME = "$(TARGET_NAME)";
				SWIFT_EMIT_LOC_STRINGS = YES;
				SWIFT_VERSION = 5.0;
				TARGETED_DEVICE_FAMILY = "1,2";
			};
			name = Debug;
		};
		C783E2072CA084CD00DB6E26 /* Release */ = {
			isa = XCBuildConfiguration;
			baseConfigurationReference = 89730F1E142C63843A033F4E /* Pods-ColoringPagesIos.release.xcconfig */;
			buildSettings = {
				ASSETCATALOG_COMPILER_APPICON_NAME = AppIcon;
				ASSETCATALOG_COMPILER_GLOBAL_ACCENT_COLOR_NAME = AccentColor;
				CODE_SIGN_STYLE = Automatic;
				CURRENT_PROJECT_VERSION = 1;
				DEVELOPMENT_ASSET_PATHS = "\"ColoringPagesIos/Preview Content\"";
				DEVELOPMENT_TEAM = 6FC8XC8HYL;
				ENABLE_PREVIEWS = YES;
				ENABLE_USER_SCRIPT_SANDBOXING = NO;
				GENERATE_INFOPLIST_FILE = YES;
				INFOPLIST_FILE = "ColoringPagesIos/Info-${CONFIGURATION}.plist";
				INFOPLIST_KEY_UIApplicationSceneManifest_Generation = YES;
				INFOPLIST_KEY_UIApplicationSupportsIndirectInputEvents = YES;
				INFOPLIST_KEY_UILaunchScreen_Generation = YES;
				INFOPLIST_KEY_UISupportedInterfaceOrientations_iPad = "UIInterfaceOrientationPortrait UIInterfaceOrientationPortraitUpsideDown UIInterfaceOrientationLandscapeLeft UIInterfaceOrientationLandscapeRight";
				INFOPLIST_KEY_UISupportedInterfaceOrientations_iPhone = "UIInterfaceOrientationPortrait UIInterfaceOrientationLandscapeLeft UIInterfaceOrientationLandscapeRight";
				LD_RUNPATH_SEARCH_PATHS = (
					"$(inherited)",
					"@executable_path/Frameworks",
				);
				MARKETING_VERSION = 1.0;
				PRODUCT_BUNDLE_IDENTIFIER = "feduke-nukem.ColoringPagesIos";
				PRODUCT_NAME = "$(TARGET_NAME)";
				SWIFT_EMIT_LOC_STRINGS = YES;
				SWIFT_VERSION = 5.0;
				TARGETED_DEVICE_FAMILY = "1,2";
			};
			name = Release;
		};
/* End XCBuildConfiguration section */

/* Begin XCConfigurationList section */
		C783E1F22CA084CB00DB6E26 /* Build configuration list for PBXProject "ColoringPagesIos" */ = {
			isa = XCConfigurationList;
			buildConfigurations = (
				C783E2032CA084CD00DB6E26 /* Debug */,
				C783E2042CA084CD00DB6E26 /* Release */,
			);
			defaultConfigurationIsVisible = 0;
			defaultConfigurationName = Release;
		};
		C783E2052CA084CD00DB6E26 /* Build configuration list for PBXNativeTarget "ColoringPagesIos" */ = {
			isa = XCConfigurationList;
			buildConfigurations = (
				C783E2062CA084CD00DB6E26 /* Debug */,
				C783E2072CA084CD00DB6E26 /* Release */,
			);
			defaultConfigurationIsVisible = 0;
			defaultConfigurationName = Release;
		};
/* End XCConfigurationList section */
	};
	rootObject = C783E1EF2CA084CB00DB6E26 /* Project object */;
}
